
Microsoft Visual Studio Solution File, Format Version 12.00
# Visual Studio Version 16
VisualStudioVersion = 16.0.808.3
MinimumVisualStudioVersion = 10.0.40219.1
Project("{FAE04EC0-301F-11D3-BF4B-00C04F79EFBC}") = "CSharp_lab4", "CSharp_lab4\CSharp_lab4.csproj", "{40673C66-F229-4085-A14A-949D426CF6DE}"
EndProject
Global
	GlobalSection(SolutionConfigurationPlatforms) = preSolution
		Debug|Any CPU = Debug|Any CPU
		Release|Any CPU = Release|Any CPU
	EndGlobalSection
	GlobalSection(ProjectConfigurationPlatforms) = postSolution
		{40673C66-F229-4085-A14A-949D426CF6DE}.Debug|Any CPU.ActiveCfg = Debug|Any CPU
		{40673C66-F229-4085-A14A-949D426CF6DE}.Debug|Any CPU.Build.0 = Debug|Any CPU
		{40673C66-F229-4085-A14A-949D426CF6DE}.Release|Any CPU.ActiveCfg = Release|Any CPU
		{40673C66-F229-4085-A14A-949D426CF6DE}.Release|Any CPU.Build.0 = Release|Any CPU
	EndGlobalSection
	GlobalSection(SolutionProperties) = preSolution
		HideSolutionNode = FALSE
	EndGlobalSection
	GlobalSection(ExtensibilityGlobals) = postSolution
		SolutionGuid = {3C20075F-1500-480C-8543-20C12E0A4872}
	EndGlobalSection
EndGlobal
